// !$*UTF8*$!
{
	archiveVersion = 1;
	classes = {
	};
	objectVersion = 46;
	objects = {

/* Begin PBXBuildFile section */
		7022611E1C7D933700F43DC0 /* main.m in Sources */ = {isa = PBXBuildFile; fileRef = 7022611D1C7D933700F43DC0 /* main.m */; };
		702261211C7D933700F43DC0 /* AppDelegate.m in Sources */ = {isa = PBXBuildFile; fileRef = 702261201C7D933700F43DC0 /* AppDelegate.m */; };
		702261241C7D933700F43DC0 /* ViewController.m in Sources */ = {isa = PBXBuildFile; fileRef = 702261231C7D933700F43DC0 /* ViewController.m */; };
		702261271C7D933700F43DC0 /* Main.storyboard in Resources */ = {isa = PBXBuildFile; fileRef = 702261251C7D933700F43DC0 /* Main.storyboard */; };
		702261291C7D933700F43DC0 /* Assets.xcassets in Resources */ = {isa = PBXBuildFile; fileRef = 702261281C7D933700F43DC0 /* Assets.xcassets */; };
		7022612C1C7D933700F43DC0 /* LaunchScreen.storyboard in Resources */ = {isa = PBXBuildFile; fileRef = 7022612A1C7D933700F43DC0 /* LaunchScreen.storyboard */; };
		702261371C7D933700F43DC0 /* RENNotificationCenterDemoTests.m in Sources */ = {isa = PBXBuildFile; fileRef = 702261361C7D933700F43DC0 /* RENNotificationCenterDemoTests.m */; };
		702261421C7D933700F43DC0 /* RENNotificationCenterDemoUITests.m in Sources */ = {isa = PBXBuildFile; fileRef = 702261411C7D933700F43DC0 /* RENNotificationCenterDemoUITests.m */; };
		702261691C7D9CBD00F43DC0 /* RENNotificationCenter.m in Sources */ = {isa = PBXBuildFile; fileRef = 702261681C7D9CBD00F43DC0 /* RENNotificationCenter.m */; };
/* End PBXBuildFile section */

/* Begin PBXContainerItemProxy section */
		702261331C7D933700F43DC0 /* PBXContainerItemProxy */ = {
			isa = PBXContainerItemProxy;
			containerPortal = 702261111C7D933700F43DC0 /* Project object */;
			proxyType = 1;
			remoteGlobalIDString = 702261181C7D933700F43DC0;
			remoteInfo = RENNotificationCenterDemo;
		};
		7022613E1C7D933700F43DC0 /* PBXContainerItemProxy */ = {
			isa = PBXContainerItemProxy;
			containerPortal = 702261111C7D933700F43DC0 /* Project object */;
			proxyType = 1;
			remoteGlobalIDString = 702261181C7D933700F43DC0;
			remoteInfo = RENNotificationCenterDemo;
		};
/* End PBXContainerItemProxy section */

/* Begin PBXFileReference section */
		702261191C7D933700F43DC0 /* RENNotificationCenterDemo.app */ = {isa = PBXFileReference; explicitFileType = wrapper.application; includeInIndex = 0; path = RENNotificationCenterDemo.app; sourceTree = BUILT_PRODUCTS_DIR; };
		7022611D1C7D933700F43DC0 /* main.m */ = {isa = PBXFileReference; lastKnownFileType = sourcecode.c.objc; path = main.m; sourceTree = "<group>"; };
		7022611F1C7D933700F43DC0 /* AppDelegate.h */ = {isa = PBXFileReference; lastKnownFileType = sourcecode.c.h; path = AppDelegate.h; sourceTree = "<group>"; };
		702261201C7D933700F43DC0 /* AppDelegate.m */ = {isa = PBXFileReference; lastKnownFileType = sourcecode.c.objc; path = AppDelegate.m; sourceTree = "<group>"; };
		702261221C7D933700F43DC0 /* ViewController.h */ = {isa = PBXFileReference; lastKnownFileType = sourcecode.c.h; path = ViewController.h; sourceTree = "<group>"; };
		702261231C7D933700F43DC0 /* ViewController.m */ = {isa = PBXFileReference; lastKnownFileType = sourcecode.c.objc; path = ViewController.m; sourceTree = "<group>"; };
		702261261C7D933700F43DC0 /* Base */ = {isa = PBXFileReference; lastKnownFileType = file.storyboard; name = Base; path = Base.lproj/Main.storyboard; sourceTree = "<group>"; };
		702261281C7D933700F43DC0 /* Assets.xcassets */ = {isa = PBXFileReference; lastKnownFileType = folder.assetcatalog; path = Assets.xcassets; sourceTree = "<group>"; };
		7022612B1C7D933700F43DC0 /* Base */ = {isa = PBXFileReference; lastKnownFileType = file.storyboard; name = Base; path = Base.lproj/LaunchScreen.storyboard; sourceTree = "<group>"; };
		7022612D1C7D933700F43DC0 /* Info.plist */ = {isa = PBXFileReference; lastKnownFileType = text.plist.xml; path = Info.plist; sourceTree = "<group>"; };
		702261321C7D933700F43DC0 /* RENNotificationCenterDemoTests.xctest */ = {isa = PBXFileReference; explicitFileType = wrapper.cfbundle; includeInIndex = 0; path = RENNotificationCenterDemoTests.xctest; sourceTree = BUILT_PRODUCTS_DIR; };
		702261361C7D933700F43DC0 /* RENNotificationCenterDemoTests.m */ = {isa = PBXFileReference; lastKnownFileType = sourcecode.c.objc; path = RENNotificationCenterDemoTests.m; sourceTree = "<group>"; };
		702261381C7D933700F43DC0 /* Info.plist */ = {isa = PBXFileReference; lastKnownFileType = text.plist.xml; path = Info.plist; sourceTree = "<group>"; };
		7022613D1C7D933700F43DC0 /* RENNotificationCenterDemoUITests.xctest */ = {isa = PBXFileReference; explicitFileType = wrapper.cfbundle; includeInIndex = 0; path = RENNotificationCenterDemoUITests.xctest; sourceTree = BUILT_PRODUCTS_DIR; };
		702261411C7D933700F43DC0 /* RENNotificationCenterDemoUITests.m */ = {isa = PBXFileReference; lastKnownFileType = sourcecode.c.objc; path = RENNotificationCenterDemoUITests.m; sourceTree = "<group>"; };
		702261431C7D933700F43DC0 /* Info.plist */ = {isa = PBXFileReference; lastKnownFileType = text.plist.xml; path = Info.plist; sourceTree = "<group>"; };
		702261671C7D9CBD00F43DC0 /* RENNotificationCenter.h */ = {isa = PBXFileReference; fileEncoding = 4; lastKnownFileType = sourcecode.c.h; path = RENNotificationCenter.h; sourceTree = "<group>"; };
		702261681C7D9CBD00F43DC0 /* RENNotificationCenter.m */ = {isa = PBXFileReference; fileEncoding = 4; lastKnownFileType = sourcecode.c.objc; path = RENNotificationCenter.m; sourceTree = "<group>"; };
/* End PBXFileReference section */

/* Begin PBXFrameworksBuildPhase section */
		702261161C7D933700F43DC0 /* Frameworks */ = {
			isa = PBXFrameworksBuildPhase;
			buildActionMask = 2147483647;
			files = (
			);
			runOnlyForDeploymentPostprocessing = 0;
		};
		7022612F1C7D933700F43DC0 /* Frameworks */ = {
			isa = PBXFrameworksBuildPhase;
			buildActionMask = 2147483647;
			files = (
			);
			runOnlyForDeploymentPostprocessing = 0;
		};
		7022613A1C7D933700F43DC0 /* Frameworks */ = {
			isa = PBXFrameworksBuildPhase;
			buildActionMask = 2147483647;
			files = (
			);
			runOnlyForDeploymentPostprocessing = 0;
		};
/* End PBXFrameworksBuildPhase section */

/* Begin PBXGroup section */
		702261101C7D933700F43DC0 = {
			isa = PBXGroup;
			children = (
				702261661C7D9CBD00F43DC0 /* RENNotificationCenter */,
				7022611B1C7D933700F43DC0 /* RENNotificationCenterDemo */,
				702261351C7D933700F43DC0 /* RENNotificationCenterDemoTests */,
				702261401C7D933700F43DC0 /* RENNotificationCenterDemoUITests */,
				7022611A1C7D933700F43DC0 /* Products */,
			);
			sourceTree = "<group>";
		};
		7022611A1C7D933700F43DC0 /* Products */ = {
			isa = PBXGroup;
			children = (
				702261191C7D933700F43DC0 /* RENNotificationCenterDemo.app */,
				702261321C7D933700F43DC0 /* RENNotificationCenterDemoTests.xctest */,
				7022613D1C7D933700F43DC0 /* RENNotificationCenterDemoUITests.xctest */,
			);
			name = Products;
			sourceTree = "<group>";
		};
		7022611B1C7D933700F43DC0 /* RENNotificationCenterDemo */ = {
			isa = PBXGroup;
			children = (
				7022611F1C7D933700F43DC0 /* AppDelegate.h */,
				702261201C7D933700F43DC0 /* AppDelegate.m */,
				702261221C7D933700F43DC0 /* ViewController.h */,
				702261231C7D933700F43DC0 /* ViewController.m */,
				702261251C7D933700F43DC0 /* Main.storyboard */,
				702261281C7D933700F43DC0 /* Assets.xcassets */,
				7022612A1C7D933700F43DC0 /* LaunchScreen.storyboard */,
				7022612D1C7D933700F43DC0 /* Info.plist */,
				7022611C1C7D933700F43DC0 /* Supporting Files */,
			);
			path = RENNotificationCenterDemo;
			sourceTree = "<group>";
		};
		7022611C1C7D933700F43DC0 /* Supporting Files */ = {
			isa = PBXGroup;
			children = (
				7022611D1C7D933700F43DC0 /* main.m */,
			);
			name = "Supporting Files";
			sourceTree = "<group>";
		};
		702261351C7D933700F43DC0 /* RENNotificationCenterDemoTests */ = {
			isa = PBXGroup;
			children = (
				702261361C7D933700F43DC0 /* RENNotificationCenterDemoTests.m */,
				702261381C7D933700F43DC0 /* Info.plist */,
			);
			path = RENNotificationCenterDemoTests;
			sourceTree = "<group>";
		};
		702261401C7D933700F43DC0 /* RENNotificationCenterDemoUITests */ = {
			isa = PBXGroup;
			children = (
				702261411C7D933700F43DC0 /* RENNotificationCenterDemoUITests.m */,
				702261431C7D933700F43DC0 /* Info.plist */,
			);
			path = RENNotificationCenterDemoUITests;
			sourceTree = "<group>";
		};
		702261661C7D9CBD00F43DC0 /* RENNotificationCenter */ = {
			isa = PBXGroup;
			children = (
				702261671C7D9CBD00F43DC0 /* RENNotificationCenter.h */,
				702261681C7D9CBD00F43DC0 /* RENNotificationCenter.m */,
			);
			path = RENNotificationCenter;
			sourceTree = "<group>";
		};
/* End PBXGroup section */

/* Begin PBXNativeTarget section */
		702261181C7D933700F43DC0 /* RENNotificationCenterDemo */ = {
			isa = PBXNativeTarget;
			buildConfigurationList = 702261461C7D933700F43DC0 /* Build configuration list for PBXNativeTarget "RENNotificationCenterDemo" */;
			buildPhases = (
				702261151C7D933700F43DC0 /* Sources */,
				702261161C7D933700F43DC0 /* Frameworks */,
				702261171C7D933700F43DC0 /* Resources */,
			);
			buildRules = (
			);
			dependencies = (
			);
			name = RENNotificationCenterDemo;
			productName = RENNotificationCenterDemo;
			productReference = 702261191C7D933700F43DC0 /* RENNotificationCenterDemo.app */;
			productType = "com.apple.product-type.application";
		};
		702261311C7D933700F43DC0 /* RENNotificationCenterDemoTests */ = {
			isa = PBXNativeTarget;
			buildConfigurationList = 702261491C7D933700F43DC0 /* Build configuration list for PBXNativeTarget "RENNotificationCenterDemoTests" */;
			buildPhases = (
				7022612E1C7D933700F43DC0 /* Sources */,
				7022612F1C7D933700F43DC0 /* Frameworks */,
				702261301C7D933700F43DC0 /* Resources */,
			);
			buildRules = (
			);
			dependencies = (
				702261341C7D933700F43DC0 /* PBXTargetDependency */,
			);
			name = RENNotificationCenterDemoTests;
			productName = RENNotificationCenterDemoTests;
			productReference = 702261321C7D933700F43DC0 /* RENNotificationCenterDemoTests.xctest */;
			productType = "com.apple.product-type.bundle.unit-test";
		};
		7022613C1C7D933700F43DC0 /* RENNotificationCenterDemoUITests */ = {
			isa = PBXNativeTarget;
			buildConfigurationList = 7022614C1C7D933700F43DC0 /* Build configuration list for PBXNativeTarget "RENNotificationCenterDemoUITests" */;
			buildPhases = (
				702261391C7D933700F43DC0 /* Sources */,
				7022613A1C7D933700F43DC0 /* Frameworks */,
				7022613B1C7D933700F43DC0 /* Resources */,
			);
			buildRules = (
			);
			dependencies = (
				7022613F1C7D933700F43DC0 /* PBXTargetDependency */,
			);
			name = RENNotificationCenterDemoUITests;
			productName = RENNotificationCenterDemoUITests;
			productReference = 7022613D1C7D933700F43DC0 /* RENNotificationCenterDemoUITests.xctest */;
			productType = "com.apple.product-type.bundle.ui-testing";
		};
/* End PBXNativeTarget section */

/* Begin PBXProject section */
		702261111C7D933700F43DC0 /* Project object */ = {
			isa = PBXProject;
			attributes = {
				LastUpgradeCheck = 0720;
				ORGANIZATIONNAME = renlei;
				TargetAttributes = {
					702261181C7D933700F43DC0 = {
						CreatedOnToolsVersion = 7.2;
					};
					702261311C7D933700F43DC0 = {
						CreatedOnToolsVersion = 7.2;
						TestTargetID = 702261181C7D933700F43DC0;
					};
					7022613C1C7D933700F43DC0 = {
						CreatedOnToolsVersion = 7.2;
						TestTargetID = 702261181C7D933700F43DC0;
					};
				};
			};
			buildConfigurationList = 702261141C7D933700F43DC0 /* Build configuration list for PBXProject "RENNotificationCenterDemo" */;
			compatibilityVersion = "Xcode 3.2";
			developmentRegion = English;
			hasScannedForEncodings = 0;
			knownRegions = (
				en,
				Base,
			);
			mainGroup = 702261101C7D933700F43DC0;
			productRefGroup = 7022611A1C7D933700F43DC0 /* Products */;
			projectDirPath = "";
			projectRoot = "";
			targets = (
				702261181C7D933700F43DC0 /* RENNotificationCenterDemo */,
				702261311C7D933700F43DC0 /* RENNotificationCenterDemoTests */,
				7022613C1C7D933700F43DC0 /* RENNotificationCenterDemoUITests */,
			);
		};
/* End PBXProject section */

/* Begin PBXResourcesBuildPhase section */
		702261171C7D933700F43DC0 /* Resources */ = {
			isa = PBXResourcesBuildPhase;
			buildActionMask = 2147483647;
			files = (
				7022612C1C7D933700F43DC0 /* LaunchScreen.storyboard in Resources */,
				702261291C7D933700F43DC0 /* Assets.xcassets in Resources */,
				702261271C7D933700F43DC0 /* Main.storyboard in Resources */,
			);
			runOnlyForDeploymentPostprocessing = 0;
		};
		702261301C7D933700F43DC0 /* Resources */ = {
			isa = PBXResourcesBuildPhase;
			buildActionMask = 2147483647;
			files = (
			);
			runOnlyForDeploymentPostprocessing = 0;
		};
		7022613B1C7D933700F43DC0 /* Resources */ = {
			isa = PBXResourcesBuildPhase;
			buildActionMask = 2147483647;
			files = (
			);
			runOnlyForDeploymentPostprocessing = 0;
		};
/* End PBXResourcesBuildPhase section */

/* Begin PBXSourcesBuildPhase section */
		702261151C7D933700F43DC0 /* Sources */ = {
			isa = PBXSourcesBuildPhase;
			buildActionMask = 2147483647;
			files = (
				702261241C7D933700F43DC0 /* ViewController.m in Sources */,
				702261211C7D933700F43DC0 /* AppDelegate.m in Sources */,
				7022611E1C7D933700F43DC0 /* main.m in Sources */,
				702261691C7D9CBD00F43DC0 /* RENNotificationCenter.m in Sources */,
			);
			runOnlyForDeploymentPostprocessing = 0;
		};
		7022612E1C7D933700F43DC0 /* Sources */ = {
			isa = PBXSourcesBuildPhase;
			buildActionMask = 2147483647;
			files = (
				702261371C7D933700F43DC0 /* RENNotificationCenterDemoTests.m in Sources */,
			);
			runOnlyForDeploymentPostprocessing = 0;
		};
		702261391C7D933700F43DC0 /* Sources */ = {
			isa = PBXSourcesBuildPhase;
			buildActionMask = 2147483647;
			files = (
				702261421C7D933700F43DC0 /* RENNotificationCenterDemoUITests.m in Sources */,
			);
			runOnlyForDeploymentPostprocessing = 0;
		};
/* End PBXSourcesBuildPhase section */

/* Begin PBXTargetDependency section */
		702261341C7D933700F43DC0 /* PBXTargetDependency */ = {
			isa = PBXTargetDependency;
			target = 702261181C7D933700F43DC0 /* RENNotificationCenterDemo */;
			targetProxy = 702261331C7D933700F43DC0 /* PBXContainerItemProxy */;
		};
		7022613F1C7D933700F43DC0 /* PBXTargetDependency */ = {
			isa = PBXTargetDependency;
			target = 702261181C7D933700F43DC0 /* RENNotificationCenterDemo */;
			targetProxy = 7022613E1C7D933700F43DC0 /* PBXContainerItemProxy */;
		};
/* End PBXTargetDependency section */

/* Begin PBXVariantGroup section */
		702261251C7D933700F43DC0 /* Main.storyboard */ = {
			isa = PBXVariantGroup;
			children = (
				702261261C7D933700F43DC0 /* Base */,
			);
			name = Main.storyboard;
			sourceTree = "<group>";
		};
		7022612A1C7D933700F43DC0 /* LaunchScreen.storyboard */ = {
			isa = PBXVariantGroup;
			children = (
				7022612B1C7D933700F43DC0 /* Base */,
			);
			name = LaunchScreen.storyboard;
			sourceTree = "<group>";
		};
/* End PBXVariantGroup section */

/* Begin XCBuildConfiguration section */
		702261441C7D933700F43DC0 /* Debug */ = {
			isa = XCBuildConfiguration;
			buildSettings = {
				ALWAYS_SEARCH_USER_PATHS = NO;
				CLANG_CXX_LANGUAGE_STANDARD = "gnu++0x";
				CLANG_CXX_LIBRARY = "libc++";
				CLANG_ENABLE_MODULES = YES;
				CLANG_ENABLE_OBJC_ARC = YES;
				CLANG_WARN_BOOL_CONVERSION = YES;
				CLANG_WARN_CONSTANT_CONVERSION = YES;
				CLANG_WARN_DIRECT_OBJC_ISA_USAGE = YES_ERROR;
				CLANG_WARN_EMPTY_BODY = YES;
				CLANG_WARN_ENUM_CONVERSION = YES;
				CLANG_WARN_INT_CONVERSION = YES;
				CLANG_WARN_OBJC_ROOT_CLASS = YES_ERROR;
				CLANG_WARN_UNREACHABLE_CODE = YES;
				CLANG_WARN__DUPLICATE_METHOD_MATCH = YES;
				"CODE_SIGN_IDENTITY[sdk=iphoneos*]" = "iPhone Developer";
				COPY_PHASE_STRIP = NO;
				DEBUG_INFORMATION_FORMAT = dwarf;
				ENABLE_STRICT_OBJC_MSGSEND = YES;
				ENABLE_TESTABILITY = YES;
				GCC_C_LANGUAGE_STANDARD = gnu99;
				GCC_DYNAMIC_NO_PIC = NO;
				GCC_NO_COMMON_BLOCKS = YES;
				GCC_OPTIMIZATION_LEVEL = 0;
				GCC_PREPROCESSOR_DEFINITIONS = (
					"DEBUG=1",
					"$(inherited)",
				);
				GCC_WARN_64_TO_32_BIT_CONVERSION = YES;
				GCC_WARN_ABOUT_RETURN_TYPE = YES_ERROR;
				GCC_WARN_UNDECLARED_SELECTOR = YES;
				GCC_WARN_UNINITIALIZED_AUTOS = YES_AGGRESSIVE;
				GCC_WARN_UNUSED_FUNCTION = YES;
				GCC_WARN_UNUSED_VARIABLE = YES;
				IPHONEOS_DEPLOYMENT_TARGET = 9.2;
				MTL_ENABLE_DEBUG_INFO = YES;
				ONLY_ACTIVE_ARCH = YES;
				SDKROOT = iphoneos;
				TARGETED_DEVICE_FAMILY = "1,2";
			};
			name = Debug;
		};
		702261451C7D933700F43DC0 /* Release */ = {
			isa = XCBuildConfiguration;
			buildSettings = {
				ALWAYS_SEARCH_USER_PATHS = NO;
				CLANG_CXX_LANGUAGE_STANDARD = "gnu++0x";
				CLANG_CXX_LIBRARY = "libc++";
				CLANG_ENABLE_MODULES = YES;
				CLANG_ENABLE_OBJC_ARC = YES;
				CLANG_WARN_BOOL_CONVERSION = YES;
				CLANG_WARN_CONSTANT_CONVERSION = YES;
				CLANG_WARN_DIRECT_OBJC_ISA_USAGE = YES_ERROR;
				CLANG_WARN_EMPTY_BODY = YES;
				CLANG_WARN_ENUM_CONVERSION = YES;
				CLANG_WARN_INT_CONVERSION = YES;
				CLANG_WARN_OBJC_ROOT_CLASS = YES_ERROR;
				CLANG_WARN_UNREACHABLE_CODE = YES;
				CLANG_WARN__DUPLICATE_METHOD_MATCH = YES;
				"CODE_SIGN_IDENTITY[sdk=iphoneos*]" = "iPhone Developer";
				COPY_PHASE_STRIP = NO;
				DEBUG_INFORMATION_FORMAT = "dwarf-with-dsym";
				ENABLE_NS_ASSERTIONS = NO;
				ENABLE_STRICT_OBJC_MSGSEND = YES;
				GCC_C_LANGUAGE_STANDARD = gnu99;
				GCC_NO_COMMON_BLOCKS = YES;
				GCC_WARN_64_TO_32_BIT_CONVERSION = YES;
				GCC_WARN_ABOUT_RETURN_TYPE = YES_ERROR;
				GCC_WARN_UNDECLARED_SELECTOR = YES;
				GCC_WARN_UNINITIALIZED_AUTOS = YES_AGGRESSIVE;
				GCC_WARN_UNUSED_FUNCTION = YES;
				GCC_WARN_UNUSED_VARIABLE = YES;
				IPHONEOS_DEPLOYMENT_TARGET = 9.2;
				MTL_ENABLE_DEBUG_INFO = NO;
				SDKROOT = iphoneos;
				TARGETED_DEVICE_FAMILY = "1,2";
				VALIDATE_PRODUCT = YES;
			};
			name = Release;
		};
		702261471C7D933700F43DC0 /* Debug */ = {
			isa = XCBuildConfiguration;
			buildSettings = {
				ASSETCATALOG_COMPILER_APPICON_NAME = AppIcon;
				INFOPLIST_FILE = RENNotificationCenterDemo/Info.plist;
				LD_RUNPATH_SEARCH_PATHS = "$(inherited) @executable_path/Frameworks";
				PRODUCT_BUNDLE_IDENTIFIER = renlei.RENNotificationCenterDemo;
				PRODUCT_NAME = "$(TARGET_NAME)";
			};
			name = Debug;
		};
		702261481C7D933700F43DC0 /* Release */ = {
			isa = XCBuildConfiguration;
			buildSettings = {
				ASSETCATALOG_COMPILER_APPICON_NAME = AppIcon;
				INFOPLIST_FILE = RENNotificationCenterDemo/Info.plist;
				LD_RUNPATH_SEARCH_PATHS = "$(inherited) @executable_path/Frameworks";
				PRODUCT_BUNDLE_IDENTIFIER = renlei.RENNotificationCenterDemo;
				PRODUCT_NAME = "$(TARGET_NAME)";
			};
			name = Release;
		};
		7022614A1C7D933700F43DC0 /* Debug */ = {
			isa = XCBuildConfiguration;
			buildSettings = {
				BUNDLE_LOADER = "$(TEST_HOST)";
				INFOPLIST_FILE = RENNotificationCenterDemoTests/Info.plist;
				LD_RUNPATH_SEARCH_PATHS = "$(inherited) @executable_path/Frameworks @loader_path/Frameworks";
				PRODUCT_BUNDLE_IDENTIFIER = renlei.RENNotificationCenterDemoTests;
				PRODUCT_NAME = "$(TARGET_NAME)";
				TEST_HOST = "$(BUILT_PRODUCTS_DIR)/RENNotificationCenterDemo.app/RENNotificationCenterDemo";
			};
			name = Debug;
		};
		7022614B1C7D933700F43DC0 /* Release */ = {
			isa = XCBuildConfiguration;
			buildSettings = {
				BUNDLE_LOADER = "$(TEST_HOST)";
				INFOPLIST_FILE = RENNotificationCenterDemoTests/Info.plist;
				LD_RUNPATH_SEARCH_PATHS = "$(inherited) @executable_path/Frameworks @loader_path/Frameworks";
				PRODUCT_BUNDLE_IDENTIFIER = renlei.RENNotificationCenterDemoTests;
				PRODUCT_NAME = "$(TARGET_NAME)";
				TEST_HOST = "$(BUILT_PRODUCTS_DIR)/RENNotificationCenterDemo.app/RENNotificationCenterDemo";
			};
			name = Release;
		};
		7022614D1C7D933700F43DC0 /* Debug */ = {
			isa = XCBuildConfiguration;
			buildSettings = {
				INFOPLIST_FILE = RENNotificationCenterDemoUITests/Info.plist;
				LD_RUNPATH_SEARCH_PATHS = "$(inherited) @executable_path/Frameworks @loader_path/Frameworks";
				PRODUCT_BUNDLE_IDENTIFIER = renlei.RENNotificationCenterDemoUITests;
				PRODUCT_NAME = "$(TARGET_NAME)";
				TEST_TARGET_NAME = RENNotificationCenterDemo;
				USES_XCTRUNNER = YES;
			};
			name = Debug;
		};
		7022614E1C7D933700F43DC0 /* Release */ = {
			isa = XCBuildConfiguration;
			buildSettings = {
				INFOPLIST_FILE = RENNotificationCenterDemoUITests/Info.plist;
				LD_RUNPATH_SEARCH_PATHS = "$(inherited) @executable_path/Frameworks @loader_path/Frameworks";
				PRODUCT_BUNDLE_IDENTIFIER = renlei.RENNotificationCenterDemoUITests;
				PRODUCT_NAME = "$(TARGET_NAME)";
				TEST_TARGET_NAME = RENNotificationCenterDemo;
				USES_XCTRUNNER = YES;
			};
			name = Release;
		};
/* End XCBuildConfiguration section */

/* Begin XCConfigurationList section */
		702261141C7D933700F43DC0 /* Build configuration list for PBXProject "RENNotificationCenterDemo" */ = {
			isa = XCConfigurationList;
			buildConfigurations = (
				702261441C7D933700F43DC0 /* Debug */,
				702261451C7D933700F43DC0 /* Release */,
			);
			defaultConfigurationIsVisible = 0;
			defaultConfigurationName = Release;
		};
		702261461C7D933700F43DC0 /* Build configuration list for PBXNativeTarget "RENNotificationCenterDemo" */ = {
			isa = XCConfigurationList;
			buildConfigurations = (
				702261471C7D933700F43DC0 /* Debug */,
				702261481C7D933700F43DC0 /* Release */,
			);
			defaultConfigurationIsVisible = 0;
			defaultConfigurationName = Release;
		};
		702261491C7D933700F43DC0 /* Build configuration list for PBXNativeTarget "RENNotificationCenterDemoTests" */ = {
			isa = XCConfigurationList;
			buildConfigurations = (
				7022614A1C7D933700F43DC0 /* Debug */,
				7022614B1C7D933700F43DC0 /* Release */,
			);
			defaultConfigurationIsVisible = 0;
			defaultConfigurationName = Release;
		};
		7022614C1C7D933700F43DC0 /* Build configuration list for PBXNativeTarget "RENNotificationCenterDemoUITests" */ = {
			isa = XCConfigurationList;
			buildConfigurations = (
				7022614D1C7D933700F43DC0 /* Debug */,
				7022614E1C7D933700F43DC0 /* Release */,
			);
			defaultConfigurationIsVisible = 0;
			defaultConfigurationName = Release;
		};
/* End XCConfigurationList section */
	};
	rootObject = 702261111C7D933700F43DC0 /* Project object */;
}
